// !$*UTF8*$!
{
	archiveVersion = 1;
	classes = {
	};
	objectVersion = 55;
	objects = {

/* Begin PBXBuildFile section */
		E0592A7427DD25BA0017E606 /* dummyApp.swift in Sources */ = {isa = PBXBuildFile; fileRef = E0592A7327DD25BA0017E606 /* dummyApp.swift */; };
		E0592A7627DD25BA0017E606 /* ContentView.swift in Sources */ = {isa = PBXBuildFile; fileRef = E0592A7527DD25BA0017E606 /* ContentView.swift */; };
		E0592A7827DD25BB0017E606 /* Assets.xcassets in Resources */ = {isa = PBXBuildFile; fileRef = E0592A7727DD25BB0017E606 /* Assets.xcassets */; };
		E0592A7B27DD25BB0017E606 /* Preview Assets.xcassets in Resources */ = {isa = PBXBuildFile; fileRef = E0592A7A27DD25BB0017E606 /* Preview Assets.xcassets */; };
		E0592A8527DD25BC0017E606 /* dummyTests.swift in Sources */ = {isa = PBXBuildFile; fileRef = E0592A8427DD25BC0017E606 /* dummyTests.swift */; };
		E0592A8F27DD25BC0017E606 /* dummyUITests.swift in Sources */ = {isa = PBXBuildFile; fileRef = E0592A8E27DD25BC0017E606 /* dummyUITests.swift */; };
		E0592A9127DD25BC0017E606 /* dummyUITestsLaunchTests.swift in Sources */ = {isa = PBXBuildFile; fileRef = E0592A9027DD25BC0017E606 /* dummyUITestsLaunchTests.swift */; };
/* End PBXBuildFile section */

/* Begin PBXContainerItemProxy section */
		E0592A8127DD25BC0017E606 /* PBXContainerItemProxy */ = {
			isa = PBXContainerItemProxy;
			containerPortal = E0592A6827DD25BA0017E606 /* Project object */;
			proxyType = 1;
			remoteGlobalIDString = E0592A6F27DD25BA0017E606;
			remoteInfo = dummy;
		};
		E0592A8B27DD25BC0017E606 /* PBXContainerItemProxy */ = {
			isa = PBXContainerItemProxy;
			containerPortal = E0592A6827DD25BA0017E606 /* Project object */;
			proxyType = 1;
			remoteGlobalIDString = E0592A6F27DD25BA0017E606;
			remoteInfo = dummy;
		};
/* End PBXContainerItemProxy section */

/* Begin PBXFileReference section */
		E0592A7027DD25BA0017E606 /* dummy.app */ = {isa = PBXFileReference; explicitFileType = wrapper.application; includeInIndex = 0; path = dummy.app; sourceTree = BUILT_PRODUCTS_DIR; };
		E0592A7327DD25BA0017E606 /* dummyApp.swift */ = {isa = PBXFileReference; lastKnownFileType = sourcecode.swift; path = dummyApp.swift; sourceTree = "<group>"; };
		E0592A7527DD25BA0017E606 /* ContentView.swift */ = {isa = PBXFileReference; lastKnownFileType = sourcecode.swift; path = ContentView.swift; sourceTree = "<group>"; };
		E0592A7727DD25BB0017E606 /* Assets.xcassets */ = {isa = PBXFileReference; lastKnownFileType = folder.assetcatalog; path = Assets.xcassets; sourceTree = "<group>"; };
		E0592A7A27DD25BB0017E606 /* Preview Assets.xcassets */ = {isa = PBXFileReference; lastKnownFileType = folder.assetcatalog; path = "Preview Assets.xcassets"; sourceTree = "<group>"; };
		E0592A8027DD25BC0017E606 /* dummyTests.xctest */ = {isa = PBXFileReference; explicitFileType = wrapper.cfbundle; includeInIndex = 0; path = dummyTests.xctest; sourceTree = BUILT_PRODUCTS_DIR; };
		E0592A8427DD25BC0017E606 /* dummyTests.swift */ = {isa = PBXFileReference; lastKnownFileType = sourcecode.swift; path = dummyTests.swift; sourceTree = "<group>"; };
		E0592A8A27DD25BC0017E606 /* dummyUITests.xctest */ = {isa = PBXFileReference; explicitFileType = wrapper.cfbundle; includeInIndex = 0; path = dummyUITests.xctest; sourceTree = BUILT_PRODUCTS_DIR; };
		E0592A8E27DD25BC0017E606 /* dummyUITests.swift */ = {isa = PBXFileReference; lastKnownFileType = sourcecode.swift; path = dummyUITests.swift; sourceTree = "<group>"; };
		E0592A9027DD25BC0017E606 /* dummyUITestsLaunchTests.swift */ = {isa = PBXFileReference; lastKnownFileType = sourcecode.swift; path = dummyUITestsLaunchTests.swift; sourceTree = "<group>"; };
/* End PBXFileReference section */

/* Begin PBXFrameworksBuildPhase section */
		E0592A6D27DD25BA0017E606 /* Frameworks */ = {
			isa = PBXFrameworksBuildPhase;
			buildActionMask = 2147483647;
			files = (
			);
			runOnlyForDeploymentPostprocessing = 0;
		};
		E0592A7D27DD25BC0017E606 /* Frameworks */ = {
			isa = PBXFrameworksBuildPhase;
			buildActionMask = 2147483647;
			files = (
			);
			runOnlyForDeploymentPostprocessing = 0;
		};
		E0592A8727DD25BC0017E606 /* Frameworks */ = {
			isa = PBXFrameworksBuildPhase;
			buildActionMask = 2147483647;
			files = (
			);
			runOnlyForDeploymentPostprocessing = 0;
		};
/* End PBXFrameworksBuildPhase section */

/* Begin PBXGroup section */
		E0592A6727DD25BA0017E606 = {
			isa = PBXGroup;
			children = (
				E0592A7227DD25BA0017E606 /* dummy */,
				E0592A8327DD25BC0017E606 /* dummyTests */,
				E0592A8D27DD25BC0017E606 /* dummyUITests */,
				E0592A7127DD25BA0017E606 /* Products */,
			);
			sourceTree = "<group>";
		};
		E0592A7127DD25BA0017E606 /* Products */ = {
			isa = PBXGroup;
			children = (
				E0592A7027DD25BA0017E606 /* dummy.app */,
				E0592A8027DD25BC0017E606 /* dummyTests.xctest */,
				E0592A8A27DD25BC0017E606 /* dummyUITests.xctest */,
			);
			name = Products;
			sourceTree = "<group>";
		};
		E0592A7227DD25BA0017E606 /* dummy */ = {
			isa = PBXGroup;
			children = (
				E0592A7327DD25BA0017E606 /* dummyApp.swift */,
				E0592A7527DD25BA0017E606 /* ContentView.swift */,
				E0592A7727DD25BB0017E606 /* Assets.xcassets */,
				E0592A7927DD25BB0017E606 /* Preview Content */,
			);
			path = dummy;
			sourceTree = "<group>";
		};
		E0592A7927DD25BB0017E606 /* Preview Content */ = {
			isa = PBXGroup;
			children = (
				E0592A7A27DD25BB0017E606 /* Preview Assets.xcassets */,
			);
			path = "Preview Content";
			sourceTree = "<group>";
		};
		E0592A8327DD25BC0017E606 /* dummyTests */ = {
			isa = PBXGroup;
			children = (
				E0592A8427DD25BC0017E606 /* dummyTests.swift */,
			);
			path = dummyTests;
			sourceTree = "<group>";
		};
		E0592A8D27DD25BC0017E606 /* dummyUITests */ = {
			isa = PBXGroup;
			children = (
				E0592A8E27DD25BC0017E606 /* dummyUITests.swift */,
				E0592A9027DD25BC0017E606 /* dummyUITestsLaunchTests.swift */,
			);
			path = dummyUITests;
			sourceTree = "<group>";
		};
/* End PBXGroup section */

/* Begin PBXNativeTarget section */
		E0592A6F27DD25BA0017E606 /* dummy */ = {
			isa = PBXNativeTarget;
			buildConfigurationList = E0592A9427DD25BC0017E606 /* Build configuration list for PBXNativeTarget "dummy" */;
			buildPhases = (
				E0592A6C27DD25BA0017E606 /* Sources */,
				E0592A6D27DD25BA0017E606 /* Frameworks */,
				E0592A6E27DD25BA0017E606 /* Resources */,
			);
			buildRules = (
			);
			dependencies = (
			);
			name = dummy;
			productName = dummy;
			productReference = E0592A7027DD25BA0017E606 /* dummy.app */;
			productType = "com.apple.product-type.application";
		};
		E0592A7F27DD25BC0017E606 /* dummyTests */ = {
			isa = PBXNativeTarget;
			buildConfigurationList = E0592A9727DD25BC0017E606 /* Build configuration list for PBXNativeTarget "dummyTests" */;
			buildPhases = (
				E0592A7C27DD25BC0017E606 /* Sources */,
				E0592A7D27DD25BC0017E606 /* Frameworks */,
				E0592A7E27DD25BC0017E606 /* Resources */,
			);
			buildRules = (
			);
			dependencies = (
				E0592A8227DD25BC0017E606 /* PBXTargetDependency */,
			);
			name = dummyTests;
			productName = dummyTests;
			productReference = E0592A8027DD25BC0017E606 /* dummyTests.xctest */;
			productType = "com.apple.product-type.bundle.unit-test";
		};
		E0592A8927DD25BC0017E606 /* dummyUITests */ = {
			isa = PBXNativeTarget;
			buildConfigurationList = E0592A9A27DD25BC0017E606 /* Build configuration list for PBXNativeTarget "dummyUITests" */;
			buildPhases = (
				E0592A8627DD25BC0017E606 /* Sources */,
				E0592A8727DD25BC0017E606 /* Frameworks */,
				E0592A8827DD25BC0017E606 /* Resources */,
			);
			buildRules = (
			);
			dependencies = (
				E0592A8C27DD25BC0017E606 /* PBXTargetDependency */,
			);
			name = dummyUITests;
			productName = dummyUITests;
			productReference = E0592A8A27DD25BC0017E606 /* dummyUITests.xctest */;
			productType = "com.apple.product-type.bundle.ui-testing";
		};
/* End PBXNativeTarget section */

/* Begin PBXProject section */
		E0592A6827DD25BA0017E606 /* Project object */ = {
			isa = PBXProject;
			attributes = {
				BuildIndependentTargetsInParallel = 1;
				LastSwiftUpdateCheck = 1320;
				LastUpgradeCheck = 1320;
				TargetAttributes = {
					E0592A6F27DD25BA0017E606 = {
						CreatedOnToolsVersion = 13.2.1;
					};
					E0592A7F27DD25BC0017E606 = {
						CreatedOnToolsVersion = 13.2.1;
						TestTargetID = E0592A6F27DD25BA0017E606;
					};
					E0592A8927DD25BC0017E606 = {
						CreatedOnToolsVersion = 13.2.1;
						TestTargetID = E0592A6F27DD25BA0017E606;
					};
				};
			};
			buildConfigurationList = E0592A6B27DD25BA0017E606 /* Build configuration list for PBXProject "dummy" */;
			compatibilityVersion = "Xcode 13.0";
			developmentRegion = en;
			hasScannedForEncodings = 0;
			knownRegions = (
				en,
				Base,
			);
			mainGroup = E0592A6727DD25BA0017E606;
			productRefGroup = E0592A7127DD25BA0017E606 /* Products */;
			projectDirPath = "";
			projectRoot = "";
			targets = (
				E0592A6F27DD25BA0017E606 /* dummy */,
				E0592A7F27DD25BC0017E606 /* dummyTests */,
				E0592A8927DD25BC0017E606 /* dummyUITests */,
			);
		};
/* End PBXProject section */

/* Begin PBXResourcesBuildPhase section */
		E0592A6E27DD25BA0017E606 /* Resources */ = {
			isa = PBXResourcesBuildPhase;
			buildActionMask = 2147483647;
			files = (
				E0592A7B27DD25BB0017E606 /* Preview Assets.xcassets in Resources */,
				E0592A7827DD25BB0017E606 /* Assets.xcassets in Resources */,
			);
			runOnlyForDeploymentPostprocessing = 0;
		};
		E0592A7E27DD25BC0017E606 /* Resources */ = {
			isa = PBXResourcesBuildPhase;
			buildActionMask = 2147483647;
			files = (
			);
			runOnlyForDeploymentPostprocessing = 0;
		};
		E0592A8827DD25BC0017E606 /* Resources */ = {
			isa = PBXResourcesBuildPhase;
			buildActionMask = 2147483647;
			files = (
			);
			runOnlyForDeploymentPostprocessing = 0;
		};
/* End PBXResourcesBuildPhase section */

/* Begin PBXSourcesBuildPhase section */
		E0592A6C27DD25BA0017E606 /* Sources */ = {
			isa = PBXSourcesBuildPhase;
			buildActionMask = 2147483647;
			files = (
				E0592A7627DD25BA0017E606 /* ContentView.swift in Sources */,
				E0592A7427DD25BA0017E606 /* dummyApp.swift in Sources */,
			);
			runOnlyForDeploymentPostprocessing = 0;
		};
		E0592A7C27DD25BC0017E606 /* Sources */ = {
			isa = PBXSourcesBuildPhase;
			buildActionMask = 2147483647;
			files = (
				E0592A8527DD25BC0017E606 /* dummyTests.swift in Sources */,
			);
			runOnlyForDeploymentPostprocessing = 0;
		};
		E0592A8627DD25BC0017E606 /* Sources */ = {
			isa = PBXSourcesBuildPhase;
			buildActionMask = 2147483647;
			files = (
				E0592A8F27DD25BC0017E606 /* dummyUITests.swift in Sources */,
				E0592A9127DD25BC0017E606 /* dummyUITestsLaunchTests.swift in Sources */,
			);
			runOnlyForDeploymentPostprocessing = 0;
		};
/* End PBXSourcesBuildPhase section */

/* Begin PBXTargetDependency section */
		E0592A8227DD25BC0017E606 /* PBXTargetDependency */ = {
			isa = PBXTargetDependency;
			target = E0592A6F27DD25BA0017E606 /* dummy */;
			targetProxy = E0592A8127DD25BC0017E606 /* PBXContainerItemProxy */;
		};
		E0592A8C27DD25BC0017E606 /* PBXTargetDependency */ = {
			isa = PBXTargetDependency;
			target = E0592A6F27DD25BA0017E606 /* dummy */;
			targetProxy = E0592A8B27DD25BC0017E606 /* PBXContainerItemProxy */;
		};
/* End PBXTargetDependency section */

/* Begin XCBuildConfiguration section */
		E0592A9227DD25BC0017E606 /* Debug */ = {
			isa = XCBuildConfiguration;
			buildSettings = {
				ALWAYS_SEARCH_USER_PATHS = NO;
				CLANG_ANALYZER_NONNULL = YES;
				CLANG_ANALYZER_NUMBER_OBJECT_CONVERSION = YES_AGGRESSIVE;
				CLANG_CXX_LANGUAGE_STANDARD = "gnu++17";
				CLANG_CXX_LIBRARY = "libc++";
				CLANG_ENABLE_MODULES = YES;
				CLANG_ENABLE_OBJC_ARC = YES;
				CLANG_ENABLE_OBJC_WEAK = YES;
				CLANG_WARN_BLOCK_CAPTURE_AUTORELEASING = YES;
				CLANG_WARN_BOOL_CONVERSION = YES;
				CLANG_WARN_COMMA = YES;
				CLANG_WARN_CONSTANT_CONVERSION = YES;
				CLANG_WARN_DEPRECATED_OBJC_IMPLEMENTATIONS = YES;
				CLANG_WARN_DIRECT_OBJC_ISA_USAGE = YES_ERROR;
				CLANG_WARN_DOCUMENTATION_COMMENTS = YES;
				CLANG_WARN_EMPTY_BODY = YES;
				CLANG_WARN_ENUM_CONVERSION = YES;
				CLANG_WARN_INFINITE_RECURSION = YES;
				CLANG_WARN_INT_CONVERSION = YES;
				CLANG_WARN_NON_LITERAL_NULL_CONVERSION = YES;
				CLANG_WARN_OBJC_IMPLICIT_RETAIN_SELF = YES;
				CLANG_WARN_OBJC_LITERAL_CONVERSION = YES;
				CLANG_WARN_OBJC_ROOT_CLASS = YES_ERROR;
				CLANG_WARN_QUOTED_INCLUDE_IN_FRAMEWORK_HEADER = YES;
				CLANG_WARN_RANGE_LOOP_ANALYSIS = YES;
				CLANG_WARN_STRICT_PROTOTYPES = YES;
				CLANG_WARN_SUSPICIOUS_MOVE = YES;
				CLANG_WARN_UNGUARDED_AVAILABILITY = YES_AGGRESSIVE;
				CLANG_WARN_UNREACHABLE_CODE = YES;
				CLANG_WARN__DUPLICATE_METHOD_MATCH = YES;
				COPY_PHASE_STRIP = NO;
				DEBUG_INFORMATION_FORMAT = dwarf;
				ENABLE_STRICT_OBJC_MSGSEND = YES;
				ENABLE_TESTABILITY = YES;
				GCC_C_LANGUAGE_STANDARD = gnu11;
				GCC_DYNAMIC_NO_PIC = NO;
				GCC_NO_COMMON_BLOCKS = YES;
				GCC_OPTIMIZATION_LEVEL = 0;
				GCC_PREPROCESSOR_DEFINITIONS = (
					"DEBUG=1",
					"$(inherited)",
				);
				GCC_WARN_64_TO_32_BIT_CONVERSION = YES;
				GCC_WARN_ABOUT_RETURN_TYPE = YES_ERROR;
				GCC_WARN_UNDECLARED_SELECTOR = YES;
				GCC_WARN_UNINITIALIZED_AUTOS = YES_AGGRESSIVE;
				GCC_WARN_UNUSED_FUNCTION = YES;
				GCC_WARN_UNUSED_VARIABLE = YES;
				IPHONEOS_DEPLOYMENT_TARGET = 15.2;
				MTL_ENABLE_DEBUG_INFO = INCLUDE_SOURCE;
				MTL_FAST_MATH = YES;
				ONLY_ACTIVE_ARCH = YES;
				SDKROOT = iphoneos;
				SWIFT_ACTIVE_COMPILATION_CONDITIONS = DEBUG;
				SWIFT_OPTIMIZATION_LEVEL = "-Onone";
			};
			name = Debug;
		};
		E0592A9327DD25BC0017E606 /* Release */ = {
			isa = XCBuildConfiguration;
			buildSettings = {
				ALWAYS_SEARCH_USER_PATHS = NO;
				CLANG_ANALYZER_NONNULL = YES;
				CLANG_ANALYZER_NUMBER_OBJECT_CONVERSION = YES_AGGRESSIVE;
				CLANG_CXX_LANGUAGE_STANDARD = "gnu++17";
				CLANG_CXX_LIBRARY = "libc++";
				CLANG_ENABLE_MODULES = YES;
				CLANG_ENABLE_OBJC_ARC = YES;
				CLANG_ENABLE_OBJC_WEAK = YES;
				CLANG_WARN_BLOCK_CAPTURE_AUTORELEASING = YES;
				CLANG_WARN_BOOL_CONVERSION = YES;
				CLANG_WARN_COMMA = YES;
				CLANG_WARN_CONSTANT_CONVERSION = YES;
				CLANG_WARN_DEPRECATED_OBJC_IMPLEMENTATIONS = YES;
				CLANG_WARN_DIRECT_OBJC_ISA_USAGE = YES_ERROR;
				CLANG_WARN_DOCUMENTATION_COMMENTS = YES;
				CLANG_WARN_EMPTY_BODY = YES;
				CLANG_WARN_ENUM_CONVERSION = YES;
				CLANG_WARN_INFINITE_RECURSION = YES;
				CLANG_WARN_INT_CONVERSION = YES;
				CLANG_WARN_NON_LITERAL_NULL_CONVERSION = YES;
				CLANG_WARN_OBJC_IMPLICIT_RETAIN_SELF = YES;
				CLANG_WARN_OBJC_LITERAL_CONVERSION = YES;
				CLANG_WARN_OBJC_ROOT_CLASS = YES_ERROR;
				CLANG_WARN_QUOTED_INCLUDE_IN_FRAMEWORK_HEADER = YES;
				CLANG_WARN_RANGE_LOOP_ANALYSIS = YES;
				CLANG_WARN_STRICT_PROTOTYPES = YES;
				CLANG_WARN_SUSPICIOUS_MOVE = YES;
				CLANG_WARN_UNGUARDED_AVAILABILITY = YES_AGGRESSIVE;
				CLANG_WARN_UNREACHABLE_CODE = YES;
				CLANG_WARN__DUPLICATE_METHOD_MATCH = YES;
				COPY_PHASE_STRIP = NO;
				DEBUG_INFORMATION_FORMAT = "dwarf-with-dsym";
				ENABLE_NS_ASSERTIONS = NO;
				ENABLE_STRICT_OBJC_MSGSEND = YES;
				GCC_C_LANGUAGE_STANDARD = gnu11;
				GCC_NO_COMMON_BLOCKS = YES;
				GCC_WARN_64_TO_32_BIT_CONVERSION = YES;
				GCC_WARN_ABOUT_RETURN_TYPE = YES_ERROR;
				GCC_WARN_UNDECLARED_SELECTOR = YES;
				GCC_WARN_UNINITIALIZED_AUTOS = YES_AGGRESSIVE;
				GCC_WARN_UNUSED_FUNCTION = YES;
				GCC_WARN_UNUSED_VARIABLE = YES;
				IPHONEOS_DEPLOYMENT_TARGET = 15.2;
				MTL_ENABLE_DEBUG_INFO = NO;
				MTL_FAST_MATH = YES;
				SDKROOT = iphoneos;
				SWIFT_COMPILATION_MODE = wholemodule;
				SWIFT_OPTIMIZATION_LEVEL = "-O";
				VALIDATE_PRODUCT = YES;
			};
			name = Release;
		};
		E0592A9527DD25BC0017E606 /* Debug */ = {
			isa = XCBuildConfiguration;
			buildSettings = {
				ASSETCATALOG_COMPILER_APPICON_NAME = AppIcon;
				ASSETCATALOG_COMPILER_GLOBAL_ACCENT_COLOR_NAME = AccentColor;
				CODE_SIGN_STYLE = Automatic;
				CURRENT_PROJECT_VERSION = 1;
				DEVELOPMENT_ASSET_PATHS = "\"dummy/Preview Content\"";
				DEVELOPMENT_TEAM = 6F5UGXSNC4;
				ENABLE_PREVIEWS = YES;
				GENERATE_INFOPLIST_FILE = YES;
				INFOPLIST_KEY_UIApplicationSceneManifest_Generation = YES;
				INFOPLIST_KEY_UIApplicationSupportsIndirectInputEvents = YES;
				INFOPLIST_KEY_UILaunchScreen_Generation = YES;
				INFOPLIST_KEY_UISupportedInterfaceOrientations_iPad = "UIInterfaceOrientationPortrait UIInterfaceOrientationPortraitUpsideDown UIInterfaceOrientationLandscapeLeft UIInterfaceOrientationLandscapeRight";
				INFOPLIST_KEY_UISupportedInterfaceOrientations_iPhone = "UIInterfaceOrientationPortrait UIInterfaceOrientationLandscapeLeft UIInterfaceOrientationLandscapeRight";
				LD_RUNPATH_SEARCH_PATHS = (
					"$(inherited)",
					"@executable_path/Frameworks",
				);
				MARKETING_VERSION = 1.0;
				PRODUCT_BUNDLE_IDENTIFIER = techsith.dummy;
				PRODUCT_NAME = "$(TARGET_NAME)";
				SWIFT_EMIT_LOC_STRINGS = YES;
				SWIFT_VERSION = 5.0;
				TARGETED_DEVICE_FAMILY = "1,2";
			};
			name = Debug;
		};
		E0592A9627DD25BC0017E606 /* Release */ = {
			isa = XCBuildConfiguration;
			buildSettings = {
				ASSETCATALOG_COMPILER_APPICON_NAME = AppIcon;
				ASSETCATALOG_COMPILER_GLOBAL_ACCENT_COLOR_NAME = AccentColor;
				CODE_SIGN_STYLE = Automatic;
				CURRENT_PROJECT_VERSION = 1;
				DEVELOPMENT_ASSET_PATHS = "\"dummy/Preview Content\"";
				DEVELOPMENT_TEAM = 6F5UGXSNC4;
				ENABLE_PREVIEWS = YES;
				GENERATE_INFOPLIST_FILE = YES;
				INFOPLIST_KEY_UIApplicationSceneManifest_Generation = YES;
				INFOPLIST_KEY_UIApplicationSupportsIndirectInputEvents = YES;
				INFOPLIST_KEY_UILaunchScreen_Generation = YES;
				INFOPLIST_KEY_UISupportedInterfaceOrientations_iPad = "UIInterfaceOrientationPortrait UIInterfaceOrientationPortraitUpsideDown UIInterfaceOrientationLandscapeLeft UIInterfaceOrientationLandscapeRight";
				INFOPLIST_KEY_UISupportedInterfaceOrientations_iPhone = "UIInterfaceOrientationPortrait UIInterfaceOrientationLandscapeLeft UIInterfaceOrientationLandscapeRight";
				LD_RUNPATH_SEARCH_PATHS = (
					"$(inherited)",
					"@executable_path/Frameworks",
				);
				MARKETING_VERSION = 1.0;
				PRODUCT_BUNDLE_IDENTIFIER = techsith.dummy;
				PRODUCT_NAME = "$(TARGET_NAME)";
				SWIFT_EMIT_LOC_STRINGS = YES;
				SWIFT_VERSION = 5.0;
				TARGETED_DEVICE_FAMILY = "1,2";
			};
			name = Release;
		};
		E0592A9827DD25BC0017E606 /* Debug */ = {
			isa = XCBuildConfiguration;
			buildSettings = {
				ALWAYS_EMBED_SWIFT_STANDARD_LIBRARIES = YES;
				BUNDLE_LOADER = "$(TEST_HOST)";
				CODE_SIGN_STYLE = Automatic;
				CURRENT_PROJECT_VERSION = 1;
				DEVELOPMENT_TEAM = 6F5UGXSNC4;
				GENERATE_INFOPLIST_FILE = YES;
				IPHONEOS_DEPLOYMENT_TARGET = 15.2;
				MARKETING_VERSION = 1.0;
				PRODUCT_BUNDLE_IDENTIFIER = techsith.dummyTests;
				PRODUCT_NAME = "$(TARGET_NAME)";
				SWIFT_EMIT_LOC_STRINGS = NO;
				SWIFT_VERSION = 5.0;
				TARGETED_DEVICE_FAMILY = "1,2";
				TEST_HOST = "$(BUILT_PRODUCTS_DIR)/dummy.app/dummy";
			};
			name = Debug;
		};
		E0592A9927DD25BC0017E606 /* Release */ = {
			isa = XCBuildConfiguration;
			buildSettings = {
				ALWAYS_EMBED_SWIFT_STANDARD_LIBRARIES = YES;
				BUNDLE_LOADER = "$(TEST_HOST)";
				CODE_SIGN_STYLE = Automatic;
				CURRENT_PROJECT_VERSION = 1;
				DEVELOPMENT_TEAM = 6F5UGXSNC4;
				GENERATE_INFOPLIST_FILE = YES;
				IPHONEOS_DEPLOYMENT_TARGET = 15.2;
				MARKETING_VERSION = 1.0;
				PRODUCT_BUNDLE_IDENTIFIER = techsith.dummyTests;
				PRODUCT_NAME = "$(TARGET_NAME)";
				SWIFT_EMIT_LOC_STRINGS = NO;
				SWIFT_VERSION = 5.0;
				TARGETED_DEVICE_FAMILY = "1,2";
				TEST_HOST = "$(BUILT_PRODUCTS_DIR)/dummy.app/dummy";
			};
			name = Release;
		};
		E0592A9B27DD25BC0017E606 /* Debug */ = {
			isa = XCBuildConfiguration;
			buildSettings = {
				ALWAYS_EMBED_SWIFT_STANDARD_LIBRARIES = YES;
				CODE_SIGN_STYLE = Automatic;
				CURRENT_PROJECT_VERSION = 1;
				DEVELOPMENT_TEAM = 6F5UGXSNC4;
				GENERATE_INFOPLIST_FILE = YES;
				MARKETING_VERSION = 1.0;
				PRODUCT_BUNDLE_IDENTIFIER = techsith.dummyUITests;
				PRODUCT_NAME = "$(TARGET_NAME)";
				SWIFT_EMIT_LOC_STRINGS = NO;
				SWIFT_VERSION = 5.0;
				TARGETED_DEVICE_FAMILY = "1,2";
				TEST_TARGET_NAME = dummy;
			};
			name = Debug;
		};
		E0592A9C27DD25BC0017E606 /* Release */ = {
			isa = XCBuildConfiguration;
			buildSettings = {
				ALWAYS_EMBED_SWIFT_STANDARD_LIBRARIES = YES;
				CODE_SIGN_STYLE = Automatic;
				CURRENT_PROJECT_VERSION = 1;
				DEVELOPMENT_TEAM = 6F5UGXSNC4;
				GENERATE_INFOPLIST_FILE = YES;
				MARKETING_VERSION = 1.0;
				PRODUCT_BUNDLE_IDENTIFIER = techsith.dummyUITests;
				PRODUCT_NAME = "$(TARGET_NAME)";
				SWIFT_EMIT_LOC_STRINGS = NO;
				SWIFT_VERSION = 5.0;
				TARGETED_DEVICE_FAMILY = "1,2";
				TEST_TARGET_NAME = dummy;
			};
			name = Release;
		};
/* End XCBuildConfiguration section */

/* Begin XCConfigurationList section */
		E0592A6B27DD25BA0017E606 /* Build configuration list for PBXProject "dummy" */ = {
			isa = XCConfigurationList;
			buildConfigurations = (
				E0592A9227DD25BC0017E606 /* Debug */,
				E0592A9327DD25BC0017E606 /* Release */,
			);
			defaultConfigurationIsVisible = 0;
			defaultConfigurationName = Release;
		};
		E0592A9427DD25BC0017E606 /* Build configuration list for PBXNativeTarget "dummy" */ = {
			isa = XCConfigurationList;
			buildConfigurations = (
				E0592A9527DD25BC0017E606 /* Debug */,
				E0592A9627DD25BC0017E606 /* Release */,
			);
			defaultConfigurationIsVisible = 0;
			defaultConfigurationName = Release;
		};
		E0592A9727DD25BC0017E606 /* Build configuration list for PBXNativeTarget "dummyTests" */ = {
			isa = XCConfigurationList;
			buildConfigurations = (
				E0592A9827DD25BC0017E606 /* Debug */,
				E0592A9927DD25BC0017E606 /* Release */,
			);
			defaultConfigurationIsVisible = 0;
			defaultConfigurationName = Release;
		};
		E0592A9A27DD25BC0017E606 /* Build configuration list for PBXNativeTarget "dummyUITests" */ = {
			isa = XCConfigurationList;
			buildConfigurations = (
				E0592A9B27DD25BC0017E606 /* Debug */,
				E0592A9C27DD25BC0017E606 /* Release */,
			);
			defaultConfigurationIsVisible = 0;
			defaultConfigurationName = Release;
		};
/* End XCConfigurationList section */
	};
	rootObject = E0592A6827DD25BA0017E606 /* Project object */;
}
